
Microsoft Visual Studio Solution File, Format Version 12.00
# Visual Studio Version 16
VisualStudioVersion = 16.0.31019.35
MinimumVisualStudioVersion = 10.0.40219.1
Project("{8BC9CEB8-8B4A-11D0-8D11-00A0C91BC942}") = "testpixcelengin", "testpixcelengin.vcxproj", "{D83083AC-5C15-42D8-94A5-B7AE811C9986}"
EndProject
Global
	GlobalSection(SolutionConfigurationPlatforms) = preSolution
		Debug|x64 = Debug|x64
		Debug|x86 = Debug|x86
		Release|x64 = Release|x64
		Release|x86 = Release|x86
	EndGlobalSection
	GlobalSection(ProjectConfigurationPlatforms) = postSolution
		{D83083AC-5C15-42D8-94A5-B7AE811C9986}.Debug|x64.ActiveCfg = Debug|x64
		{D83083AC-5C15-42D8-94A5-B7AE811C9986}.Debug|x64.Build.0 = Debug|x64
		{D83083AC-5C15-42D8-94A5-B7AE811C9986}.Debug|x86.ActiveCfg = Debug|Win32
		{D83083AC-5C15-42D8-94A5-B7AE811C9986}.Debug|x86.Build.0 = Debug|Win32
		{D83083AC-5C15-42D8-94A5-B7AE811C9986}.Release|x64.ActiveCfg = Release|x64
		{D83083AC-5C15-42D8-94A5-B7AE811C9986}.Release|x64.Build.0 = Release|x64
		{D83083AC-5C15-42D8-94A5-B7AE811C9986}.Release|x86.ActiveCfg = Release|Win32
		{D83083AC-5C15-42D8-94A5-B7AE811C9986}.Release|x86.Build.0 = Release|Win32
	EndGlobalSection
	GlobalSection(SolutionProperties) = preSolution
		HideSolutionNode = FALSE
	EndGlobalSection
	GlobalSection(ExtensibilityGlobals) = postSolution
		SolutionGuid = {89F227FB-F0F8-4116-9178-FE1D428F2C58}
	EndGlobalSection
EndGlobal
